
Microsoft Visual Studio Solution File, Format Version 12.00
# Visual Studio Version 16
VisualStudioVersion = 16.0.30804.86
MinimumVisualStudioVersion = 10.0.40219.1
Project("{FAE04EC0-301F-11D3-BF4B-00C04F79EFBC}") = "pp", "pp.csproj", "{FD5C0D1C-7095-45C8-B6BB-1B8EBB66CB82}"
EndProject
Project("{FAE04EC0-301F-11D3-BF4B-00C04F79EFBC}") = "PPClient", "..\PPClient\PPClient.csproj", "{6DD3D854-0FBC-4963-829E-5BFAEF69C801}"
EndProject
Project("{FAE04EC0-301F-11D3-BF4B-00C04F79EFBC}") = "PPserver", "..\PPserver\PPserver.csproj", "{4F7669FF-7330-45CB-8705-187782008592}"
EndProject
Global
	GlobalSection(SolutionConfigurationPlatforms) = preSolution
		Debug|Any CPU = Debug|Any CPU
		Release|Any CPU = Release|Any CPU
	EndGlobalSection
	GlobalSection(ProjectConfigurationPlatforms) = postSolution
		{FD5C0D1C-7095-45C8-B6BB-1B8EBB66CB82}.Debug|Any CPU.ActiveCfg = Debug|Any CPU
		{FD5C0D1C-7095-45C8-B6BB-1B8EBB66CB82}.Debug|Any CPU.Build.0 = Debug|Any CPU
		{FD5C0D1C-7095-45C8-B6BB-1B8EBB66CB82}.Release|Any CPU.ActiveCfg = Release|Any CPU
		{FD5C0D1C-7095-45C8-B6BB-1B8EBB66CB82}.Release|Any CPU.Build.0 = Release|Any CPU
		{6DD3D854-0FBC-4963-829E-5BFAEF69C801}.Debug|Any CPU.ActiveCfg = Debug|Any CPU
		{6DD3D854-0FBC-4963-829E-5BFAEF69C801}.Debug|Any CPU.Build.0 = Debug|Any CPU
		{6DD3D854-0FBC-4963-829E-5BFAEF69C801}.Release|Any CPU.ActiveCfg = Release|Any CPU
		{6DD3D854-0FBC-4963-829E-5BFAEF69C801}.Release|Any CPU.Build.0 = Release|Any CPU
		{4F7669FF-7330-45CB-8705-187782008592}.Debug|Any CPU.ActiveCfg = Debug|Any CPU
		{4F7669FF-7330-45CB-8705-187782008592}.Debug|Any CPU.Build.0 = Debug|Any CPU
		{4F7669FF-7330-45CB-8705-187782008592}.Release|Any CPU.ActiveCfg = Release|Any CPU
		{4F7669FF-7330-45CB-8705-187782008592}.Release|Any CPU.Build.0 = Release|Any CPU
	EndGlobalSection
	GlobalSection(SolutionProperties) = preSolution
		HideSolutionNode = FALSE
	EndGlobalSection
	GlobalSection(ExtensibilityGlobals) = postSolution
		SolutionGuid = {8733C3A4-ABC3-446A-8B57-B6D19065A358}
	EndGlobalSection
EndGlobal
